
Microsoft Visual Studio Solution File, Format Version 12.00
# Visual Studio Version 17
VisualStudioVersion = 17.8.34511.84
MinimumVisualStudioVersion = 10.0.40219.1
Project("{9A19103F-16F7-4668-BE54-9A1E7A4F7556}") = "Day1", "Day1\Day1.csproj", "{29CF9FED-68DF-413F-B1FA-50687C9F0D2E}"
EndProject
Project("{9A19103F-16F7-4668-BE54-9A1E7A4F7556}") = "Day1Part2", "Day1Part2\Day1Part2.csproj", "{D36953BD-02BA-42A2-AE13-F3F2346690C8}"
EndProject
Project("{9A19103F-16F7-4668-BE54-9A1E7A4F7556}") = "Day2", "Day2\Day2.csproj", "{2DDC3F46-A0B9-4C85-BF72-69AA66019D53}"
EndProject
Project("{9A19103F-16F7-4668-BE54-9A1E7A4F7556}") = "Day2Part2", "Day2Part2\Day2Part2.csproj", "{1B4DF475-C2E7-48A1-A3D2-6F58D82ADBF9}"
EndProject
Project("{9A19103F-16F7-4668-BE54-9A1E7A4F7556}") = "Day3", "Day3\Day3.csproj", "{9BBE3ADC-6622-4110-95F1-1AB50E4F5057}"
EndProject
Project("{9A19103F-16F7-4668-BE54-9A1E7A4F7556}") = "Day3Part2", "Day3Part2\Day3Part2.csproj", "{BE6FA571-2205-4300-8FBB-5B30F664E597}"
EndProject
Project("{9A19103F-16F7-4668-BE54-9A1E7A4F7556}") = "Day4", "Day4\Day4.csproj", "{5A5A2FC1-8A57-47C9-80C5-72C9CF09602F}"
EndProject
Project("{9A19103F-16F7-4668-BE54-9A1E7A4F7556}") = "Day4Part2", "Day4Part2\Day4Part2.csproj", "{4C306869-5EB4-4FE1-9092-5620CCC3FDAC}"
EndProject
Project("{9A19103F-16F7-4668-BE54-9A1E7A4F7556}") = "Day5", "Day5\Day5.csproj", "{52D9F81C-A10A-4E27-83CD-2B9BCBC000C0}"
EndProject
Project("{9A19103F-16F7-4668-BE54-9A1E7A4F7556}") = "Day5Part2", "Day5Part2\Day5Part2.csproj", "{45A2CB71-8D19-48AD-BCC4-7C3BFDC43701}"
EndProject
Project("{9A19103F-16F7-4668-BE54-9A1E7A4F7556}") = "Day6", "Day6\Day6.csproj", "{612B02A8-3964-4E48-A1AE-B0FF96379DD2}"
EndProject
Project("{FAE04EC0-301F-11D3-BF4B-00C04F79EFBC}") = "Day6Part2", "Day6Part2\Day6Part2.csproj", "{0B9DCFA6-F04C-4B90-BBAD-DB5FD8F9F84C}"
EndProject
Project("{FAE04EC0-301F-11D3-BF4B-00C04F79EFBC}") = "Day7", "Day7\Day7.csproj", "{E73D3920-21C2-41CC-A5FB-377368608854}"
EndProject
Global
	GlobalSection(SolutionConfigurationPlatforms) = preSolution
		Debug|Any CPU = Debug|Any CPU
		Release|Any CPU = Release|Any CPU
	EndGlobalSection
	GlobalSection(ProjectConfigurationPlatforms) = postSolution
		{29CF9FED-68DF-413F-B1FA-50687C9F0D2E}.Debug|Any CPU.ActiveCfg = Debug|Any CPU
		{29CF9FED-68DF-413F-B1FA-50687C9F0D2E}.Debug|Any CPU.Build.0 = Debug|Any CPU
		{29CF9FED-68DF-413F-B1FA-50687C9F0D2E}.Release|Any CPU.ActiveCfg = Release|Any CPU
		{29CF9FED-68DF-413F-B1FA-50687C9F0D2E}.Release|Any CPU.Build.0 = Release|Any CPU
		{D36953BD-02BA-42A2-AE13-F3F2346690C8}.Debug|Any CPU.ActiveCfg = Debug|Any CPU
		{D36953BD-02BA-42A2-AE13-F3F2346690C8}.Debug|Any CPU.Build.0 = Debug|Any CPU
		{D36953BD-02BA-42A2-AE13-F3F2346690C8}.Release|Any CPU.ActiveCfg = Release|Any CPU
		{D36953BD-02BA-42A2-AE13-F3F2346690C8}.Release|Any CPU.Build.0 = Release|Any CPU
		{2DDC3F46-A0B9-4C85-BF72-69AA66019D53}.Debug|Any CPU.ActiveCfg = Debug|Any CPU
		{2DDC3F46-A0B9-4C85-BF72-69AA66019D53}.Debug|Any CPU.Build.0 = Debug|Any CPU
		{2DDC3F46-A0B9-4C85-BF72-69AA66019D53}.Release|Any CPU.ActiveCfg = Release|Any CPU
		{2DDC3F46-A0B9-4C85-BF72-69AA66019D53}.Release|Any CPU.Build.0 = Release|Any CPU
		{1B4DF475-C2E7-48A1-A3D2-6F58D82ADBF9}.Debug|Any CPU.ActiveCfg = Debug|Any CPU
		{1B4DF475-C2E7-48A1-A3D2-6F58D82ADBF9}.Debug|Any CPU.Build.0 = Debug|Any CPU
		{1B4DF475-C2E7-48A1-A3D2-6F58D82ADBF9}.Release|Any CPU.ActiveCfg = Release|Any CPU
		{1B4DF475-C2E7-48A1-A3D2-6F58D82ADBF9}.Release|Any CPU.Build.0 = Release|Any CPU
		{9BBE3ADC-6622-4110-95F1-1AB50E4F5057}.Debug|Any CPU.ActiveCfg = Debug|Any CPU
		{9BBE3ADC-6622-4110-95F1-1AB50E4F5057}.Debug|Any CPU.Build.0 = Debug|Any CPU
		{9BBE3ADC-6622-4110-95F1-1AB50E4F5057}.Release|Any CPU.ActiveCfg = Release|Any CPU
		{9BBE3ADC-6622-4110-95F1-1AB50E4F5057}.Release|Any CPU.Build.0 = Release|Any CPU
		{BE6FA571-2205-4300-8FBB-5B30F664E597}.Debug|Any CPU.ActiveCfg = Debug|Any CPU
		{BE6FA571-2205-4300-8FBB-5B30F664E597}.Debug|Any CPU.Build.0 = Debug|Any CPU
		{BE6FA571-2205-4300-8FBB-5B30F664E597}.Release|Any CPU.ActiveCfg = Release|Any CPU
		{BE6FA571-2205-4300-8FBB-5B30F664E597}.Release|Any CPU.Build.0 = Release|Any CPU
		{5A5A2FC1-8A57-47C9-80C5-72C9CF09602F}.Debug|Any CPU.ActiveCfg = Debug|Any CPU
		{5A5A2FC1-8A57-47C9-80C5-72C9CF09602F}.Debug|Any CPU.Build.0 = Debug|Any CPU
		{5A5A2FC1-8A57-47C9-80C5-72C9CF09602F}.Release|Any CPU.ActiveCfg = Release|Any CPU
		{5A5A2FC1-8A57-47C9-80C5-72C9CF09602F}.Release|Any CPU.Build.0 = Release|Any CPU
		{4C306869-5EB4-4FE1-9092-5620CCC3FDAC}.Debug|Any CPU.ActiveCfg = Debug|Any CPU
		{4C306869-5EB4-4FE1-9092-5620CCC3FDAC}.Debug|Any CPU.Build.0 = Debug|Any CPU
		{4C306869-5EB4-4FE1-9092-5620CCC3FDAC}.Release|Any CPU.ActiveCfg = Release|Any CPU
		{4C306869-5EB4-4FE1-9092-5620CCC3FDAC}.Release|Any CPU.Build.0 = Release|Any CPU
		{52D9F81C-A10A-4E27-83CD-2B9BCBC000C0}.Debug|Any CPU.ActiveCfg = Debug|Any CPU
		{52D9F81C-A10A-4E27-83CD-2B9BCBC000C0}.Debug|Any CPU.Build.0 = Debug|Any CPU
		{52D9F81C-A10A-4E27-83CD-2B9BCBC000C0}.Release|Any CPU.ActiveCfg = Release|Any CPU
		{52D9F81C-A10A-4E27-83CD-2B9BCBC000C0}.Release|Any CPU.Build.0 = Release|Any CPU
		{45A2CB71-8D19-48AD-BCC4-7C3BFDC43701}.Debug|Any CPU.ActiveCfg = Debug|Any CPU
		{45A2CB71-8D19-48AD-BCC4-7C3BFDC43701}.Debug|Any CPU.Build.0 = Debug|Any CPU
		{45A2CB71-8D19-48AD-BCC4-7C3BFDC43701}.Release|Any CPU.ActiveCfg = Release|Any CPU
		{45A2CB71-8D19-48AD-BCC4-7C3BFDC43701}.Release|Any CPU.Build.0 = Release|Any CPU
		{612B02A8-3964-4E48-A1AE-B0FF96379DD2}.Debug|Any CPU.ActiveCfg = Debug|Any CPU
		{612B02A8-3964-4E48-A1AE-B0FF96379DD2}.Debug|Any CPU.Build.0 = Debug|Any CPU
		{612B02A8-3964-4E48-A1AE-B0FF96379DD2}.Release|Any CPU.ActiveCfg = Release|Any CPU
		{612B02A8-3964-4E48-A1AE-B0FF96379DD2}.Release|Any CPU.Build.0 = Release|Any CPU
		{0B9DCFA6-F04C-4B90-BBAD-DB5FD8F9F84C}.Debug|Any CPU.ActiveCfg = Debug|Any CPU
		{0B9DCFA6-F04C-4B90-BBAD-DB5FD8F9F84C}.Debug|Any CPU.Build.0 = Debug|Any CPU
		{0B9DCFA6-F04C-4B90-BBAD-DB5FD8F9F84C}.Release|Any CPU.ActiveCfg = Release|Any CPU
		{0B9DCFA6-F04C-4B90-BBAD-DB5FD8F9F84C}.Release|Any CPU.Build.0 = Release|Any CPU
		{E73D3920-21C2-41CC-A5FB-377368608854}.Debug|Any CPU.ActiveCfg = Debug|Any CPU
		{E73D3920-21C2-41CC-A5FB-377368608854}.Debug|Any CPU.Build.0 = Debug|Any CPU
		{E73D3920-21C2-41CC-A5FB-377368608854}.Release|Any CPU.ActiveCfg = Release|Any CPU
		{E73D3920-21C2-41CC-A5FB-377368608854}.Release|Any CPU.Build.0 = Release|Any CPU
	EndGlobalSection
	GlobalSection(SolutionProperties) = preSolution
		HideSolutionNode = FALSE
	EndGlobalSection
	GlobalSection(ExtensibilityGlobals) = postSolution
		SolutionGuid = {D14CD4CD-36EA-4E8C-8887-3AA0AA805669}
	EndGlobalSection
EndGlobal
